// !$*UTF8*$!
{
	archiveVersion = 1;
	classes = {
	};
	objectVersion = 48;
	objects = {

/* Begin PBXBuildFile section */
		FD6C62C620630E2600593C65 /* AppDelegate.swift in Sources */ = {isa = PBXBuildFile; fileRef = FD6C62C520630E2600593C65 /* AppDelegate.swift */; };
		FD6C62CB20630E2600593C65 /* Main.storyboard in Resources */ = {isa = PBXBuildFile; fileRef = FD6C62C920630E2600593C65 /* Main.storyboard */; };
		FD6C62CD20630E2600593C65 /* Assets.xcassets in Resources */ = {isa = PBXBuildFile; fileRef = FD6C62CC20630E2600593C65 /* Assets.xcassets */; };
		FD6C62D020630E2600593C65 /* LaunchScreen.storyboard in Resources */ = {isa = PBXBuildFile; fileRef = FD6C62CE20630E2600593C65 /* LaunchScreen.storyboard */; };
		FD6C62D82063161500593C65 /* ContactPerson.swift in Sources */ = {isa = PBXBuildFile; fileRef = FD6C62D72063161500593C65 /* ContactPerson.swift */; };
		FD6C62DA2063182800593C65 /* ContactPersonDataSource.swift in Sources */ = {isa = PBXBuildFile; fileRef = FD6C62D92063182800593C65 /* ContactPersonDataSource.swift */; };
		FD6C62DC20631F1B00593C65 /* AddressBookTableViewController.swift in Sources */ = {isa = PBXBuildFile; fileRef = FD6C62DB20631F1B00593C65 /* AddressBookTableViewController.swift */; };
		FD6C62DE206C746F00593C65 /* ContactDetailsTableViewController.swift in Sources */ = {isa = PBXBuildFile; fileRef = FD6C62DD206C746F00593C65 /* ContactDetailsTableViewController.swift */; };
/* End PBXBuildFile section */

/* Begin PBXFileReference section */
		FD6C62C220630E2600593C65 /* Woody_AddressBook.app */ = {isa = PBXFileReference; explicitFileType = wrapper.application; includeInIndex = 0; path = Woody_AddressBook.app; sourceTree = BUILT_PRODUCTS_DIR; };
		FD6C62C520630E2600593C65 /* AppDelegate.swift */ = {isa = PBXFileReference; lastKnownFileType = sourcecode.swift; path = AppDelegate.swift; sourceTree = "<group>"; };
		FD6C62CA20630E2600593C65 /* Base */ = {isa = PBXFileReference; lastKnownFileType = file.storyboard; name = Base; path = Base.lproj/Main.storyboard; sourceTree = "<group>"; };
		FD6C62CC20630E2600593C65 /* Assets.xcassets */ = {isa = PBXFileReference; lastKnownFileType = folder.assetcatalog; path = Assets.xcassets; sourceTree = "<group>"; };
		FD6C62CF20630E2600593C65 /* Base */ = {isa = PBXFileReference; lastKnownFileType = file.storyboard; name = Base; path = Base.lproj/LaunchScreen.storyboard; sourceTree = "<group>"; };
		FD6C62D120630E2600593C65 /* Info.plist */ = {isa = PBXFileReference; lastKnownFileType = text.plist.xml; path = Info.plist; sourceTree = "<group>"; };
		FD6C62D72063161500593C65 /* ContactPerson.swift */ = {isa = PBXFileReference; lastKnownFileType = sourcecode.swift; path = ContactPerson.swift; sourceTree = "<group>"; };
		FD6C62D92063182800593C65 /* ContactPersonDataSource.swift */ = {isa = PBXFileReference; lastKnownFileType = sourcecode.swift; path = ContactPersonDataSource.swift; sourceTree = "<group>"; };
		FD6C62DB20631F1B00593C65 /* AddressBookTableViewController.swift */ = {isa = PBXFileReference; lastKnownFileType = sourcecode.swift; path = AddressBookTableViewController.swift; sourceTree = "<group>"; };
		FD6C62DD206C746F00593C65 /* ContactDetailsTableViewController.swift */ = {isa = PBXFileReference; lastKnownFileType = sourcecode.swift; path = ContactDetailsTableViewController.swift; sourceTree = "<group>"; };
/* End PBXFileReference section */

/* Begin PBXFrameworksBuildPhase section */
		FD6C62BF20630E2500593C65 /* Frameworks */ = {
			isa = PBXFrameworksBuildPhase;
			buildActionMask = 2147483647;
			files = (
			);
			runOnlyForDeploymentPostprocessing = 0;
		};
/* End PBXFrameworksBuildPhase section */

/* Begin PBXGroup section */
		FD6C62B920630E2500593C65 = {
			isa = PBXGroup;
			children = (
				FD6C62C420630E2600593C65 /* Woody_AddressBook */,
				FD6C62C320630E2600593C65 /* Products */,
			);
			sourceTree = "<group>";
		};
		FD6C62C320630E2600593C65 /* Products */ = {
			isa = PBXGroup;
			children = (
				FD6C62C220630E2600593C65 /* Woody_AddressBook.app */,
			);
			name = Products;
			sourceTree = "<group>";
		};
		FD6C62C420630E2600593C65 /* Woody_AddressBook */ = {
			isa = PBXGroup;
			children = (
				FD6C62DD206C746F00593C65 /* ContactDetailsTableViewController.swift */,
				FD6C62DB20631F1B00593C65 /* AddressBookTableViewController.swift */,
				FD6C62C520630E2600593C65 /* AppDelegate.swift */,
				FD6C62C920630E2600593C65 /* Main.storyboard */,
				FD6C62CC20630E2600593C65 /* Assets.xcassets */,
				FD6C62CE20630E2600593C65 /* LaunchScreen.storyboard */,
				FD6C62D72063161500593C65 /* ContactPerson.swift */,
				FD6C62D92063182800593C65 /* ContactPersonDataSource.swift */,
				FD6C62D120630E2600593C65 /* Info.plist */,
			);
			path = Woody_AddressBook;
			sourceTree = "<group>";
		};
/* End PBXGroup section */

/* Begin PBXNativeTarget section */
		FD6C62C120630E2500593C65 /* Woody_AddressBook */ = {
			isa = PBXNativeTarget;
			buildConfigurationList = FD6C62D420630E2600593C65 /* Build configuration list for PBXNativeTarget "Woody_AddressBook" */;
			buildPhases = (
				FD6C62BE20630E2500593C65 /* Sources */,
				FD6C62BF20630E2500593C65 /* Frameworks */,
				FD6C62C020630E2500593C65 /* Resources */,
			);
			buildRules = (
			);
			dependencies = (
			);
			name = Woody_AddressBook;
			productName = Woody_AddressBook;
			productReference = FD6C62C220630E2600593C65 /* Woody_AddressBook.app */;
			productType = "com.apple.product-type.application";
		};
/* End PBXNativeTarget section */

/* Begin PBXProject section */
		FD6C62BA20630E2500593C65 /* Project object */ = {
			isa = PBXProject;
			attributes = {
				LastSwiftUpdateCheck = 0920;
				LastUpgradeCheck = 0920;
				ORGANIZATIONNAME = "University of Cincinnati";
				TargetAttributes = {
					FD6C62C120630E2500593C65 = {
						CreatedOnToolsVersion = 9.2;
						ProvisioningStyle = Automatic;
					};
				};
			};
			buildConfigurationList = FD6C62BD20630E2500593C65 /* Build configuration list for PBXProject "Woody_AddressBook" */;
			compatibilityVersion = "Xcode 8.0";
			developmentRegion = en;
			hasScannedForEncodings = 0;
			knownRegions = (
				en,
				Base,
			);
			mainGroup = FD6C62B920630E2500593C65;
			productRefGroup = FD6C62C320630E2600593C65 /* Products */;
			projectDirPath = "";
			projectRoot = "";
			targets = (
				FD6C62C120630E2500593C65 /* Woody_AddressBook */,
			);
		};
/* End PBXProject section */

/* Begin PBXResourcesBuildPhase section */
		FD6C62C020630E2500593C65 /* Resources */ = {
			isa = PBXResourcesBuildPhase;
			buildActionMask = 2147483647;
			files = (
				FD6C62D020630E2600593C65 /* LaunchScreen.storyboard in Resources */,
				FD6C62CD20630E2600593C65 /* Assets.xcassets in Resources */,
				FD6C62CB20630E2600593C65 /* Main.storyboard in Resources */,
			);
			runOnlyForDeploymentPostprocessing = 0;
		};
/* End PBXResourcesBuildPhase section */

/* Begin PBXSourcesBuildPhase section */
		FD6C62BE20630E2500593C65 /* Sources */ = {
			isa = PBXSourcesBuildPhase;
			buildActionMask = 2147483647;
			files = (
				FD6C62DE206C746F00593C65 /* ContactDetailsTableViewController.swift in Sources */,
				FD6C62C620630E2600593C65 /* AppDelegate.swift in Sources */,
				FD6C62DA2063182800593C65 /* ContactPersonDataSource.swift in Sources */,
				FD6C62D82063161500593C65 /* ContactPerson.swift in Sources */,
				FD6C62DC20631F1B00593C65 /* AddressBookTableViewController.swift in Sources */,
			);
			runOnlyForDeploymentPostprocessing = 0;
		};
/* End PBXSourcesBuildPhase section */

/* Begin PBXVariantGroup section */
		FD6C62C920630E2600593C65 /* Main.storyboard */ = {
			isa = PBXVariantGroup;
			children = (
				FD6C62CA20630E2600593C65 /* Base */,
			);
			name = Main.storyboard;
			sourceTree = "<group>";
		};
		FD6C62CE20630E2600593C65 /* LaunchScreen.storyboard */ = {
			isa = PBXVariantGroup;
			children = (
				FD6C62CF20630E2600593C65 /* Base */,
			);
			name = LaunchScreen.storyboard;
			sourceTree = "<group>";
		};
/* End PBXVariantGroup section */

/* Begin XCBuildConfiguration section */
		FD6C62D220630E2600593C65 /* Debug */ = {
			isa = XCBuildConfiguration;
			buildSettings = {
				ALWAYS_SEARCH_USER_PATHS = NO;
				CLANG_ANALYZER_NONNULL = YES;
				CLANG_ANALYZER_NUMBER_OBJECT_CONVERSION = YES_AGGRESSIVE;
				CLANG_CXX_LANGUAGE_STANDARD = "gnu++14";
				CLANG_CXX_LIBRARY = "libc++";
				CLANG_ENABLE_MODULES = YES;
				CLANG_ENABLE_OBJC_ARC = YES;
				CLANG_WARN_BLOCK_CAPTURE_AUTORELEASING = YES;
				CLANG_WARN_BOOL_CONVERSION = YES;
				CLANG_WARN_COMMA = YES;
				CLANG_WARN_CONSTANT_CONVERSION = YES;
				CLANG_WARN_DIRECT_OBJC_ISA_USAGE = YES_ERROR;
				CLANG_WARN_DOCUMENTATION_COMMENTS = YES;
				CLANG_WARN_EMPTY_BODY = YES;
				CLANG_WARN_ENUM_CONVERSION = YES;
				CLANG_WARN_INFINITE_RECURSION = YES;
				CLANG_WARN_INT_CONVERSION = YES;
				CLANG_WARN_NON_LITERAL_NULL_CONVERSION = YES;
				CLANG_WARN_OBJC_LITERAL_CONVERSION = YES;
				CLANG_WARN_OBJC_ROOT_CLASS = YES_ERROR;
				CLANG_WARN_RANGE_LOOP_ANALYSIS = YES;
				CLANG_WARN_STRICT_PROTOTYPES = YES;
				CLANG_WARN_SUSPICIOUS_MOVE = YES;
				CLANG_WARN_UNGUARDED_AVAILABILITY = YES_AGGRESSIVE;
				CLANG_WARN_UNREACHABLE_CODE = YES;
				CLANG_WARN__DUPLICATE_METHOD_MATCH = YES;
				CODE_SIGN_IDENTITY = "iPhone Developer";
				COPY_PHASE_STRIP = NO;
				DEBUG_INFORMATION_FORMAT = dwarf;
				ENABLE_STRICT_OBJC_MSGSEND = YES;
				ENABLE_TESTABILITY = YES;
				GCC_C_LANGUAGE_STANDARD = gnu11;
				GCC_DYNAMIC_NO_PIC = NO;
				GCC_NO_COMMON_BLOCKS = YES;
				GCC_OPTIMIZATION_LEVEL = 0;
				GCC_PREPROCESSOR_DEFINITIONS = (
					"DEBUG=1",
					"$(inherited)",
				);
				GCC_WARN_64_TO_32_BIT_CONVERSION = YES;
				GCC_WARN_ABOUT_RETURN_TYPE = YES_ERROR;
				GCC_WARN_UNDECLARED_SELECTOR = YES;
				GCC_WARN_UNINITIALIZED_AUTOS = YES_AGGRESSIVE;
				GCC_WARN_UNUSED_FUNCTION = YES;
				GCC_WARN_UNUSED_VARIABLE = YES;
				IPHONEOS_DEPLOYMENT_TARGET = 11.2;
				MTL_ENABLE_DEBUG_INFO = YES;
				ONLY_ACTIVE_ARCH = YES;
				SDKROOT = iphoneos;
				SWIFT_ACTIVE_COMPILATION_CONDITIONS = DEBUG;
				SWIFT_OPTIMIZATION_LEVEL = "-Onone";
			};
			name = Debug;
		};
		FD6C62D320630E2600593C65 /* Release */ = {
			isa = XCBuildConfiguration;
			buildSettings = {
				ALWAYS_SEARCH_USER_PATHS = NO;
				CLANG_ANALYZER_NONNULL = YES;
				CLANG_ANALYZER_NUMBER_OBJECT_CONVERSION = YES_AGGRESSIVE;
				CLANG_CXX_LANGUAGE_STANDARD = "gnu++14";
				CLANG_CXX_LIBRARY = "libc++";
				CLANG_ENABLE_MODULES = YES;
				CLANG_ENABLE_OBJC_ARC = YES;
				CLANG_WARN_BLOCK_CAPTURE_AUTORELEASING = YES;
				CLANG_WARN_BOOL_CONVERSION = YES;
				CLANG_WARN_COMMA = YES;
				CLANG_WARN_CONSTANT_CONVERSION = YES;
				CLANG_WARN_DIRECT_OBJC_ISA_USAGE = YES_ERROR;
				CLANG_WARN_DOCUMENTATION_COMMENTS = YES;
				CLANG_WARN_EMPTY_BODY = YES;
				CLANG_WARN_ENUM_CONVERSION = YES;
				CLANG_WARN_INFINITE_RECURSION = YES;
				CLANG_WARN_INT_CONVERSION = YES;
				CLANG_WARN_NON_LITERAL_NULL_CONVERSION = YES;
				CLANG_WARN_OBJC_LITERAL_CONVERSION = YES;
				CLANG_WARN_OBJC_ROOT_CLASS = YES_ERROR;
				CLANG_WARN_RANGE_LOOP_ANALYSIS = YES;
				CLANG_WARN_STRICT_PROTOTYPES = YES;
				CLANG_WARN_SUSPICIOUS_MOVE = YES;
				CLANG_WARN_UNGUARDED_AVAILABILITY = YES_AGGRESSIVE;
				CLANG_WARN_UNREACHABLE_CODE = YES;
				CLANG_WARN__DUPLICATE_METHOD_MATCH = YES;
				CODE_SIGN_IDENTITY = "iPhone Developer";
				COPY_PHASE_STRIP = NO;
				DEBUG_INFORMATION_FORMAT = "dwarf-with-dsym";
				ENABLE_NS_ASSERTIONS = NO;
				ENABLE_STRICT_OBJC_MSGSEND = YES;
				GCC_C_LANGUAGE_STANDARD = gnu11;
				GCC_NO_COMMON_BLOCKS = YES;
				GCC_WARN_64_TO_32_BIT_CONVERSION = YES;
				GCC_WARN_ABOUT_RETURN_TYPE = YES_ERROR;
				GCC_WARN_UNDECLARED_SELECTOR = YES;
				GCC_WARN_UNINITIALIZED_AUTOS = YES_AGGRESSIVE;
				GCC_WARN_UNUSED_FUNCTION = YES;
				GCC_WARN_UNUSED_VARIABLE = YES;
				IPHONEOS_DEPLOYMENT_TARGET = 11.2;
				MTL_ENABLE_DEBUG_INFO = NO;
				SDKROOT = iphoneos;
				SWIFT_OPTIMIZATION_LEVEL = "-Owholemodule";
				VALIDATE_PRODUCT = YES;
			};
			name = Release;
		};
		FD6C62D520630E2600593C65 /* Debug */ = {
			isa = XCBuildConfiguration;
			buildSettings = {
				ASSETCATALOG_COMPILER_APPICON_NAME = AppIcon;
				CODE_SIGN_STYLE = Automatic;
				INFOPLIST_FILE = Woody_AddressBook/Info.plist;
				LD_RUNPATH_SEARCH_PATHS = "$(inherited) @executable_path/Frameworks";
				PRODUCT_BUNDLE_IDENTIFIER = "edu.uc.cech.it.woodyjr.Woody-AddressBook";
				PRODUCT_NAME = "$(TARGET_NAME)";
				SWIFT_VERSION = 4.0;
				TARGETED_DEVICE_FAMILY = "1,2";
			};
			name = Debug;
		};
		FD6C62D620630E2600593C65 /* Release */ = {
			isa = XCBuildConfiguration;
			buildSettings = {
				ASSETCATALOG_COMPILER_APPICON_NAME = AppIcon;
				CODE_SIGN_STYLE = Automatic;
				INFOPLIST_FILE = Woody_AddressBook/Info.plist;
				LD_RUNPATH_SEARCH_PATHS = "$(inherited) @executable_path/Frameworks";
				PRODUCT_BUNDLE_IDENTIFIER = "edu.uc.cech.it.woodyjr.Woody-AddressBook";
				PRODUCT_NAME = "$(TARGET_NAME)";
				SWIFT_VERSION = 4.0;
				TARGETED_DEVICE_FAMILY = "1,2";
			};
			name = Release;
		};
/* End XCBuildConfiguration section */

/* Begin XCConfigurationList section */
		FD6C62BD20630E2500593C65 /* Build configuration list for PBXProject "Woody_AddressBook" */ = {
			isa = XCConfigurationList;
			buildConfigurations = (
				FD6C62D220630E2600593C65 /* Debug */,
				FD6C62D320630E2600593C65 /* Release */,
			);
			defaultConfigurationIsVisible = 0;
			defaultConfigurationName = Release;
		};
		FD6C62D420630E2600593C65 /* Build configuration list for PBXNativeTarget "Woody_AddressBook" */ = {
			isa = XCConfigurationList;
			buildConfigurations = (
				FD6C62D520630E2600593C65 /* Debug */,
				FD6C62D620630E2600593C65 /* Release */,
			);
			defaultConfigurationIsVisible = 0;
			defaultConfigurationName = Release;
		};
/* End XCConfigurationList section */
	};
	rootObject = FD6C62BA20630E2500593C65 /* Project object */;
}
